// !$*UTF8*$!
{
	archiveVersion = 1;
	classes = {
	};
	objectVersion = 46;
	objects = {

/* Begin PBXAggregateTarget section */
		3E9E1DAF1587D77400D0222E /* copyBinsToREFx */ = {
			isa = PBXAggregateTarget;
			buildConfigurationList = 3E9E1DB21587D77400D0222E /* Build configuration list for PBXAggregateTarget "copyBinsToREFx" */;
			buildPhases = (
				3E9E1DB41587D79100D0222E /* CopyFiles */,
			);
			dependencies = (
			);
			name = copyBinsToREFx;
			productName = copyBinsToREFx;
		};
		55CCEA590C13887100FA06C6 /* All */ = {
			isa = PBXAggregateTarget;
			buildConfigurationList = 55CCEA660C13888800FA06C6 /* Build configuration list for PBXAggregateTarget "All" */;
			buildPhases = (
			);
			dependencies = (
				3E98B3B8157FA469005C56AB /* PBXTargetDependency */,
				3EF2B04315866EF900CD035F /* PBXTargetDependency */,
			);
			name = All;
			productName = All;
		};
/* End PBXAggregateTarget section */

/* Begin PBXBuildFile section */
		3E98B3AB157FA3D6005C56AB /* Foundation.framework in Frameworks */ = {isa = PBXBuildFile; fileRef = 08FB779EFE84155DC02AAC07 /* Foundation.framework */; };
		3E98B3B4157FA3F5005C56AB /* trimalpha.m in Sources */ = {isa = PBXBuildFile; fileRef = 3E98B3A2157FA342005C56AB /* trimalpha.m */; };
		3E98B3B5157FA3F7005C56AB /* trimalphaApp.m in Sources */ = {isa = PBXBuildFile; fileRef = 3E98B3A0157FA2E1005C56AB /* trimalphaApp.m */; };
		3E98B3C2157FB5A0005C56AB /* QuartzCore.framework in Frameworks */ = {isa = PBXBuildFile; fileRef = 3E98B3C1157FB5A0005C56AB /* QuartzCore.framework */; };
		3E98B3CA157FBBC2005C56AB /* Cocoa.framework in Frameworks */ = {isa = PBXBuildFile; fileRef = 3E98B3C9157FBBC2005C56AB /* Cocoa.framework */; };
		3E99805E1587EFDD00FACDC7 /* DDCliApplication.m in Sources */ = {isa = PBXBuildFile; fileRef = 55CCE46A0C11C58F00FA06C6 /* DDCliApplication.m */; };
		3E99805F1587EFDD00FACDC7 /* DDCliUtil.m in Sources */ = {isa = PBXBuildFile; fileRef = 55CCE46C0C11C58F00FA06C6 /* DDCliUtil.m */; };
		3E9980601587EFDD00FACDC7 /* DDGetoptLongParser.m in Sources */ = {isa = PBXBuildFile; fileRef = 55CCE46F0C11C58F00FA06C6 /* DDGetoptLongParser.m */; };
		3E9980611587EFDD00FACDC7 /* DDCliParseException.m in Sources */ = {isa = PBXBuildFile; fileRef = 55200F520C4A27FD00018A42 /* DDCliParseException.m */; };
		3E9980641587EFDD00FACDC7 /* p3imglib.m in Sources */ = {isa = PBXBuildFile; fileRef = 3EF2AE2715829A7000CD035F /* p3imglib.m */; };
		3E9980661587EFDD00FACDC7 /* Cocoa.framework in Frameworks */ = {isa = PBXBuildFile; fileRef = 3E98B3C9157FBBC2005C56AB /* Cocoa.framework */; };
		3E9980671587EFDD00FACDC7 /* QuartzCore.framework in Frameworks */ = {isa = PBXBuildFile; fileRef = 3E98B3C1157FB5A0005C56AB /* QuartzCore.framework */; };
		3E9980681587EFDD00FACDC7 /* Foundation.framework in Frameworks */ = {isa = PBXBuildFile; fileRef = 08FB779EFE84155DC02AAC07 /* Foundation.framework */; };
		3E99806F1587F00900FACDC7 /* p3convfiletypeApp.m in Sources */ = {isa = PBXBuildFile; fileRef = 3E9980581587EED900FACDC7 /* p3convfiletypeApp.m */; };
		3E9980701587F00E00FACDC7 /* p3convfiletype.m in Sources */ = {isa = PBXBuildFile; fileRef = 3E99805B1587EF0600FACDC7 /* p3convfiletype.m */; };
		3E9980711587F03100FACDC7 /* p3convfiletype in CopyFiles */ = {isa = PBXBuildFile; fileRef = 3E99806C1587EFDD00FACDC7 /* p3convfiletype */; };
		3E9E1DB51587D79600D0222E /* p3trimalpha in CopyFiles */ = {isa = PBXBuildFile; fileRef = 3E98B3B2157FA3D6005C56AB /* p3trimalpha */; };
		3E9E1DB61587D79800D0222E /* p3scale in CopyFiles */ = {isa = PBXBuildFile; fileRef = 3EF2AE3715829D0400CD035F /* p3scale */; };
		3EF2AE3015829D0400CD035F /* Cocoa.framework in Frameworks */ = {isa = PBXBuildFile; fileRef = 3E98B3C9157FBBC2005C56AB /* Cocoa.framework */; };
		3EF2AE3115829D0400CD035F /* QuartzCore.framework in Frameworks */ = {isa = PBXBuildFile; fileRef = 3E98B3C1157FB5A0005C56AB /* QuartzCore.framework */; };
		3EF2AE3215829D0400CD035F /* Foundation.framework in Frameworks */ = {isa = PBXBuildFile; fileRef = 08FB779EFE84155DC02AAC07 /* Foundation.framework */; };
		3EF2AE3915829D2600CD035F /* p3iscale.m in Sources */ = {isa = PBXBuildFile; fileRef = 3EF2AE25158299FB00CD035F /* p3iscale.m */; };
		3EF2AE3A15829D2800CD035F /* p3iscaleApp.m in Sources */ = {isa = PBXBuildFile; fileRef = 3EF2AE21158299B300CD035F /* p3iscaleApp.m */; };
		3EF2AE3B15829DDA00CD035F /* p3imglib.m in Sources */ = {isa = PBXBuildFile; fileRef = 3EF2AE2715829A7000CD035F /* p3imglib.m */; };
		3EF2B03A15866E8200CD035F /* DDCliApplication.m in Sources */ = {isa = PBXBuildFile; fileRef = 55CCE46A0C11C58F00FA06C6 /* DDCliApplication.m */; };
		3EF2B03B15866E8700CD035F /* DDCliUtil.m in Sources */ = {isa = PBXBuildFile; fileRef = 55CCE46C0C11C58F00FA06C6 /* DDCliUtil.m */; };
		3EF2B03C15866E8A00CD035F /* DDGetoptLongParser.m in Sources */ = {isa = PBXBuildFile; fileRef = 55CCE46F0C11C58F00FA06C6 /* DDGetoptLongParser.m */; };
		3EF2B03D15866E8B00CD035F /* DDCliParseException.m in Sources */ = {isa = PBXBuildFile; fileRef = 55200F520C4A27FD00018A42 /* DDCliParseException.m */; };
		3EF2B03E15866ECB00CD035F /* DDCliApplication.m in Sources */ = {isa = PBXBuildFile; fileRef = 55CCE46A0C11C58F00FA06C6 /* DDCliApplication.m */; };
		3EF2B03F15866ECE00CD035F /* DDCliUtil.m in Sources */ = {isa = PBXBuildFile; fileRef = 55CCE46C0C11C58F00FA06C6 /* DDCliUtil.m */; };
		3EF2B04015866ED100CD035F /* DDGetoptLongParser.m in Sources */ = {isa = PBXBuildFile; fileRef = 55CCE46F0C11C58F00FA06C6 /* DDGetoptLongParser.m */; };
		3EF2B04115866ED300CD035F /* DDCliParseException.m in Sources */ = {isa = PBXBuildFile; fileRef = 55200F520C4A27FD00018A42 /* DDCliParseException.m */; };
		3EF2B0441586776500CD035F /* p3imglib.m in Sources */ = {isa = PBXBuildFile; fileRef = 3EF2AE2715829A7000CD035F /* p3imglib.m */; };
/* End PBXBuildFile section */

/* Begin PBXContainerItemProxy section */
		3E98B3B7157FA469005C56AB /* PBXContainerItemProxy */ = {
			isa = PBXContainerItemProxy;
			containerPortal = 08FB7793FE84155DC02AAC07 /* Project object */;
			proxyType = 1;
			remoteGlobalIDString = 3E98B3A3157FA3D6005C56AB;
			remoteInfo = trimalpha;
		};
		3EF2B04215866EF900CD035F /* PBXContainerItemProxy */ = {
			isa = PBXContainerItemProxy;
			containerPortal = 08FB7793FE84155DC02AAC07 /* Project object */;
			proxyType = 1;
			remoteGlobalIDString = 3EF2AE2915829D0400CD035F;
			remoteInfo = p3iscale;
		};
/* End PBXContainerItemProxy section */

/* Begin PBXCopyFilesBuildPhase section */
		3E9E1DB41587D79100D0222E /* CopyFiles */ = {
			isa = PBXCopyFilesBuildPhase;
			buildActionMask = 2147483647;
			dstPath = /Users/pim/Sourcecode/github/PAS3/REFx3/p3imgutils;
			dstSubfolderSpec = 0;
			files = (
				3E9E1DB51587D79600D0222E /* p3trimalpha in CopyFiles */,
				3E9E1DB61587D79800D0222E /* p3scale in CopyFiles */,
				3E9980711587F03100FACDC7 /* p3convfiletype in CopyFiles */,
			);
			runOnlyForDeploymentPostprocessing = 0;
		};
/* End PBXCopyFilesBuildPhase section */

/* Begin PBXFileReference section */
		08FB779EFE84155DC02AAC07 /* Foundation.framework */ = {isa = PBXFileReference; lastKnownFileType = wrapper.framework; name = Foundation.framework; path = /System/Library/Frameworks/Foundation.framework; sourceTree = "<absolute>"; };
		32A70AAB03705E1F00C91783 /* PAS3 Image Utils_Prefix.pch */ = {isa = PBXFileReference; fileEncoding = 4; lastKnownFileType = sourcecode.c.h; path = "PAS3 Image Utils_Prefix.pch"; sourceTree = "<group>"; };
		3E98B39F157FA2E1005C56AB /* trimalphaApp.h */ = {isa = PBXFileReference; fileEncoding = 4; lastKnownFileType = sourcecode.c.h; path = trimalphaApp.h; sourceTree = "<group>"; };
		3E98B3A0157FA2E1005C56AB /* trimalphaApp.m */ = {isa = PBXFileReference; fileEncoding = 4; lastKnownFileType = sourcecode.c.objc; path = trimalphaApp.m; sourceTree = "<group>"; };
		3E98B3A2157FA342005C56AB /* trimalpha.m */ = {isa = PBXFileReference; fileEncoding = 4; lastKnownFileType = sourcecode.c.objc; path = trimalpha.m; sourceTree = "<group>"; };
		3E98B3B2157FA3D6005C56AB /* p3trimalpha */ = {isa = PBXFileReference; explicitFileType = "compiled.mach-o.executable"; includeInIndex = 0; path = p3trimalpha; sourceTree = BUILT_PRODUCTS_DIR; };
		3E98B3C1157FB5A0005C56AB /* QuartzCore.framework */ = {isa = PBXFileReference; lastKnownFileType = wrapper.framework; name = QuartzCore.framework; path = System/Library/Frameworks/QuartzCore.framework; sourceTree = SDKROOT; };
		3E98B3C9157FBBC2005C56AB /* Cocoa.framework */ = {isa = PBXFileReference; lastKnownFileType = wrapper.framework; name = Cocoa.framework; path = System/Library/Frameworks/Cocoa.framework; sourceTree = SDKROOT; };
		3E9980571587EED900FACDC7 /* p3convfiletypeApp.h */ = {isa = PBXFileReference; fileEncoding = 4; lastKnownFileType = sourcecode.c.h; path = p3convfiletypeApp.h; sourceTree = "<group>"; };
		3E9980581587EED900FACDC7 /* p3convfiletypeApp.m */ = {isa = PBXFileReference; fileEncoding = 4; lastKnownFileType = sourcecode.c.objc; path = p3convfiletypeApp.m; sourceTree = "<group>"; };
		3E99805B1587EF0600FACDC7 /* p3convfiletype.m */ = {isa = PBXFileReference; fileEncoding = 4; lastKnownFileType = sourcecode.c.objc; path = p3convfiletype.m; sourceTree = "<group>"; };
		3E99806C1587EFDD00FACDC7 /* p3convfiletype */ = {isa = PBXFileReference; explicitFileType = "compiled.mach-o.executable"; includeInIndex = 0; path = p3convfiletype; sourceTree = BUILT_PRODUCTS_DIR; };
		3EF2AE20158299B300CD035F /* p3iscaleApp.h */ = {isa = PBXFileReference; fileEncoding = 4; lastKnownFileType = sourcecode.c.h; path = p3iscaleApp.h; sourceTree = "<group>"; };
		3EF2AE21158299B300CD035F /* p3iscaleApp.m */ = {isa = PBXFileReference; fileEncoding = 4; lastKnownFileType = sourcecode.c.objc; path = p3iscaleApp.m; sourceTree = "<group>"; };
		3EF2AE25158299FB00CD035F /* p3iscale.m */ = {isa = PBXFileReference; fileEncoding = 4; lastKnownFileType = sourcecode.c.objc; path = p3iscale.m; sourceTree = "<group>"; };
		3EF2AE2615829A7000CD035F /* p3imglib.h */ = {isa = PBXFileReference; fileEncoding = 4; lastKnownFileType = sourcecode.c.h; path = p3imglib.h; sourceTree = "<group>"; };
		3EF2AE2715829A7000CD035F /* p3imglib.m */ = {isa = PBXFileReference; fileEncoding = 4; lastKnownFileType = sourcecode.c.objc; path = p3imglib.m; sourceTree = "<group>"; };
		3EF2AE3715829D0400CD035F /* p3scale */ = {isa = PBXFileReference; explicitFileType = "compiled.mach-o.executable"; includeInIndex = 0; path = p3scale; sourceTree = BUILT_PRODUCTS_DIR; };
		55200F510C4A27FD00018A42 /* DDCliParseException.h */ = {isa = PBXFileReference; fileEncoding = 4; lastKnownFileType = sourcecode.c.h; path = DDCliParseException.h; sourceTree = "<group>"; };
		55200F520C4A27FD00018A42 /* DDCliParseException.m */ = {isa = PBXFileReference; fileEncoding = 4; lastKnownFileType = sourcecode.c.objc; path = DDCliParseException.m; sourceTree = "<group>"; };
		55CCE4690C11C58F00FA06C6 /* DDCliApplication.h */ = {isa = PBXFileReference; fileEncoding = 30; lastKnownFileType = sourcecode.c.h; path = DDCliApplication.h; sourceTree = "<group>"; };
		55CCE46A0C11C58F00FA06C6 /* DDCliApplication.m */ = {isa = PBXFileReference; fileEncoding = 30; lastKnownFileType = sourcecode.c.objc; path = DDCliApplication.m; sourceTree = "<group>"; };
		55CCE46B0C11C58F00FA06C6 /* DDCliUtil.h */ = {isa = PBXFileReference; fileEncoding = 30; lastKnownFileType = sourcecode.c.h; path = DDCliUtil.h; sourceTree = "<group>"; };
		55CCE46C0C11C58F00FA06C6 /* DDCliUtil.m */ = {isa = PBXFileReference; fileEncoding = 30; lastKnownFileType = sourcecode.c.objc; path = DDCliUtil.m; sourceTree = "<group>"; };
		55CCE46D0C11C58F00FA06C6 /* DDCommandLineInterface.h */ = {isa = PBXFileReference; fileEncoding = 30; lastKnownFileType = sourcecode.c.h; path = DDCommandLineInterface.h; sourceTree = "<group>"; };
		55CCE46F0C11C58F00FA06C6 /* DDGetoptLongParser.m */ = {isa = PBXFileReference; fileEncoding = 30; lastKnownFileType = sourcecode.c.objc; path = DDGetoptLongParser.m; sourceTree = "<group>"; };
		55CCEA860C138BE900FA06C6 /* DDGetoptLongParser.h */ = {isa = PBXFileReference; fileEncoding = 30; lastKnownFileType = sourcecode.c.h; path = DDGetoptLongParser.h; sourceTree = "<group>"; };
		55CCEB150C13963F00FA06C6 /* versions.xcconfig */ = {isa = PBXFileReference; fileEncoding = 4; lastKnownFileType = text.xcconfig; path = versions.xcconfig; sourceTree = "<group>"; };
/* End PBXFileReference section */

/* Begin PBXFrameworksBuildPhase section */
		3E98B3A9157FA3D6005C56AB /* Frameworks */ = {
			isa = PBXFrameworksBuildPhase;
			buildActionMask = 2147483647;
			files = (
				3E98B3CA157FBBC2005C56AB /* Cocoa.framework in Frameworks */,
				3E98B3C2157FB5A0005C56AB /* QuartzCore.framework in Frameworks */,
				3E98B3AB157FA3D6005C56AB /* Foundation.framework in Frameworks */,
			);
			runOnlyForDeploymentPostprocessing = 0;
		};
		3E9980651587EFDD00FACDC7 /* Frameworks */ = {
			isa = PBXFrameworksBuildPhase;
			buildActionMask = 2147483647;
			files = (
				3E9980661587EFDD00FACDC7 /* Cocoa.framework in Frameworks */,
				3E9980671587EFDD00FACDC7 /* QuartzCore.framework in Frameworks */,
				3E9980681587EFDD00FACDC7 /* Foundation.framework in Frameworks */,
			);
			runOnlyForDeploymentPostprocessing = 0;
		};
		3EF2AE2F15829D0400CD035F /* Frameworks */ = {
			isa = PBXFrameworksBuildPhase;
			buildActionMask = 2147483647;
			files = (
				3EF2AE3015829D0400CD035F /* Cocoa.framework in Frameworks */,
				3EF2AE3115829D0400CD035F /* QuartzCore.framework in Frameworks */,
				3EF2AE3215829D0400CD035F /* Foundation.framework in Frameworks */,
			);
			runOnlyForDeploymentPostprocessing = 0;
		};
/* End PBXFrameworksBuildPhase section */

/* Begin PBXGroup section */
		08FB7794FE84155DC02AAC07 /* ddcli */ = {
			isa = PBXGroup;
			children = (
				3E98B3A1157FA2E7005C56AB /* p3trimalpha */,
				3EF2AE23158299BE00CD035F /* p3scale */,
				3E99805A1587EEDF00FACDC7 /* p3convfiletype */,
				3EF2AE2815829A7600CD035F /* p3imglib */,
				08FB7795FE84155DC02AAC07 /* resources */,
				55CCE4680C11C58F00FA06C6 /* libDDCLI */,
				08FB779DFE84155DC02AAC07 /* External Frameworks and Libraries */,
				1AB674ADFE9D54B511CA2CBB /* Products */,
			);
			name = ddcli;
			sourceTree = "<group>";
		};
		08FB7795FE84155DC02AAC07 /* resources */ = {
			isa = PBXGroup;
			children = (
				55CCEB150C13963F00FA06C6 /* versions.xcconfig */,
				32A70AAB03705E1F00C91783 /* PAS3 Image Utils_Prefix.pch */,
			);
			name = resources;
			sourceTree = "<group>";
		};
		08FB779DFE84155DC02AAC07 /* External Frameworks and Libraries */ = {
			isa = PBXGroup;
			children = (
				3E98B3C9157FBBC2005C56AB /* Cocoa.framework */,
				3E98B3C1157FB5A0005C56AB /* QuartzCore.framework */,
				08FB779EFE84155DC02AAC07 /* Foundation.framework */,
			);
			name = "External Frameworks and Libraries";
			sourceTree = "<group>";
		};
		1AB674ADFE9D54B511CA2CBB /* Products */ = {
			isa = PBXGroup;
			children = (
				3E98B3B2157FA3D6005C56AB /* p3trimalpha */,
				3EF2AE3715829D0400CD035F /* p3scale */,
				3E99806C1587EFDD00FACDC7 /* p3convfiletype */,
			);
			name = Products;
			sourceTree = "<group>";
		};
		3E98B3A1157FA2E7005C56AB /* p3trimalpha */ = {
			isa = PBXGroup;
			children = (
				3E98B3A2157FA342005C56AB /* trimalpha.m */,
				3E98B39F157FA2E1005C56AB /* trimalphaApp.h */,
				3E98B3A0157FA2E1005C56AB /* trimalphaApp.m */,
			);
			name = p3trimalpha;
			sourceTree = "<group>";
		};
		3E99805A1587EEDF00FACDC7 /* p3convfiletype */ = {
			isa = PBXGroup;
			children = (
				3E9980571587EED900FACDC7 /* p3convfiletypeApp.h */,
				3E9980581587EED900FACDC7 /* p3convfiletypeApp.m */,
				3E99805B1587EF0600FACDC7 /* p3convfiletype.m */,
			);
			name = p3convfiletype;
			sourceTree = "<group>";
		};
		3EF2AE23158299BE00CD035F /* p3scale */ = {
			isa = PBXGroup;
			children = (
				3EF2AE25158299FB00CD035F /* p3iscale.m */,
				3EF2AE20158299B300CD035F /* p3iscaleApp.h */,
				3EF2AE21158299B300CD035F /* p3iscaleApp.m */,
			);
			name = p3scale;
			sourceTree = "<group>";
		};
		3EF2AE2815829A7600CD035F /* p3imglib */ = {
			isa = PBXGroup;
			children = (
				3EF2AE2615829A7000CD035F /* p3imglib.h */,
				3EF2AE2715829A7000CD035F /* p3imglib.m */,
			);
			name = p3imglib;
			sourceTree = "<group>";
		};
		55CCE4680C11C58F00FA06C6 /* libDDCLI */ = {
			isa = PBXGroup;
			children = (
				55CCE46D0C11C58F00FA06C6 /* DDCommandLineInterface.h */,
				55CCE4690C11C58F00FA06C6 /* DDCliApplication.h */,
				55CCE46A0C11C58F00FA06C6 /* DDCliApplication.m */,
				55CCE46B0C11C58F00FA06C6 /* DDCliUtil.h */,
				55CCE46C0C11C58F00FA06C6 /* DDCliUtil.m */,
				55CCEA860C138BE900FA06C6 /* DDGetoptLongParser.h */,
				55CCE46F0C11C58F00FA06C6 /* DDGetoptLongParser.m */,
				55200F510C4A27FD00018A42 /* DDCliParseException.h */,
				55200F520C4A27FD00018A42 /* DDCliParseException.m */,
			);
			name = libDDCLI;
			path = lib;
			sourceTree = "<group>";
		};
/* End PBXGroup section */

/* Begin PBXNativeTarget section */
		3E98B3A3157FA3D6005C56AB /* p3trimalpha */ = {
			isa = PBXNativeTarget;
			buildConfigurationList = 3E98B3AF157FA3D6005C56AB /* Build configuration list for PBXNativeTarget "p3trimalpha" */;
			buildPhases = (
				3E98B3A6157FA3D6005C56AB /* Sources */,
				3E98B3A9157FA3D6005C56AB /* Frameworks */,
			);
			buildRules = (
			);
			dependencies = (
			);
			name = p3trimalpha;
			productInstallPath = "$(HOME)/bin";
			productName = ddcli;
			productReference = 3E98B3B2157FA3D6005C56AB /* p3trimalpha */;
			productType = "com.apple.product-type.tool";
		};
		3E99805C1587EFDD00FACDC7 /* p3convfiletype */ = {
			isa = PBXNativeTarget;
			buildConfigurationList = 3E9980691587EFDD00FACDC7 /* Build configuration list for PBXNativeTarget "p3convfiletype" */;
			buildPhases = (
				3E99805D1587EFDD00FACDC7 /* Sources */,
				3E9980651587EFDD00FACDC7 /* Frameworks */,
			);
			buildRules = (
			);
			dependencies = (
			);
			name = p3convfiletype;
			productInstallPath = "$(HOME)/bin";
			productName = ddcli;
			productReference = 3E99806C1587EFDD00FACDC7 /* p3convfiletype */;
			productType = "com.apple.product-type.tool";
		};
		3EF2AE2915829D0400CD035F /* p3scale */ = {
			isa = PBXNativeTarget;
			buildConfigurationList = 3EF2AE3415829D0400CD035F /* Build configuration list for PBXNativeTarget "p3scale" */;
			buildPhases = (
				3EF2AE2C15829D0400CD035F /* Sources */,
				3EF2AE2F15829D0400CD035F /* Frameworks */,
			);
			buildRules = (
			);
			dependencies = (
			);
			name = p3scale;
			productInstallPath = "$(HOME)/bin";
			productName = ddcli;
			productReference = 3EF2AE3715829D0400CD035F /* p3scale */;
			productType = "com.apple.product-type.tool";
		};
/* End PBXNativeTarget section */

/* Begin PBXProject section */
		08FB7793FE84155DC02AAC07 /* Project object */ = {
			isa = PBXProject;
			attributes = {
				LastUpgradeCheck = 0430;
			};
			buildConfigurationList = 1DEB927808733DD40010E9CD /* Build configuration list for PBXProject "PAS3 Image Utils" */;
			compatibilityVersion = "Xcode 3.2";
			developmentRegion = English;
			hasScannedForEncodings = 1;
			knownRegions = (
				en,
			);
			mainGroup = 08FB7794FE84155DC02AAC07 /* ddcli */;
			projectDirPath = "";
			projectRoot = "";
			targets = (
				55CCEA590C13887100FA06C6 /* All */,
				3E98B3A3157FA3D6005C56AB /* p3trimalpha */,
				3EF2AE2915829D0400CD035F /* p3scale */,
				3E99805C1587EFDD00FACDC7 /* p3convfiletype */,
				3E9E1DAF1587D77400D0222E /* copyBinsToREFx */,
			);
		};
/* End PBXProject section */

/* Begin PBXSourcesBuildPhase section */
		3E98B3A6157FA3D6005C56AB /* Sources */ = {
			isa = PBXSourcesBuildPhase;
			buildActionMask = 2147483647;
			files = (
				3EF2B04115866ED300CD035F /* DDCliParseException.m in Sources */,
				3EF2B04015866ED100CD035F /* DDGetoptLongParser.m in Sources */,
				3EF2B03F15866ECE00CD035F /* DDCliUtil.m in Sources */,
				3EF2B03E15866ECB00CD035F /* DDCliApplication.m in Sources */,
				3EF2B0441586776500CD035F /* p3imglib.m in Sources */,
				3E98B3B4157FA3F5005C56AB /* trimalpha.m in Sources */,
				3E98B3B5157FA3F7005C56AB /* trimalphaApp.m in Sources */,
			);
			runOnlyForDeploymentPostprocessing = 0;
		};
		3E99805D1587EFDD00FACDC7 /* Sources */ = {
			isa = PBXSourcesBuildPhase;
			buildActionMask = 2147483647;
			files = (
				3E99805E1587EFDD00FACDC7 /* DDCliApplication.m in Sources */,
				3E99805F1587EFDD00FACDC7 /* DDCliUtil.m in Sources */,
				3E9980601587EFDD00FACDC7 /* DDGetoptLongParser.m in Sources */,
				3E9980611587EFDD00FACDC7 /* DDCliParseException.m in Sources */,
				3E99806F1587F00900FACDC7 /* p3convfiletypeApp.m in Sources */,
				3E9980701587F00E00FACDC7 /* p3convfiletype.m in Sources */,
				3E9980641587EFDD00FACDC7 /* p3imglib.m in Sources */,
			);
			runOnlyForDeploymentPostprocessing = 0;
		};
		3EF2AE2C15829D0400CD035F /* Sources */ = {
			isa = PBXSourcesBuildPhase;
			buildActionMask = 2147483647;
			files = (
				3EF2B03A15866E8200CD035F /* DDCliApplication.m in Sources */,
				3EF2B03B15866E8700CD035F /* DDCliUtil.m in Sources */,
				3EF2B03C15866E8A00CD035F /* DDGetoptLongParser.m in Sources */,
				3EF2B03D15866E8B00CD035F /* DDCliParseException.m in Sources */,
				3EF2AE3915829D2600CD035F /* p3iscale.m in Sources */,
				3EF2AE3A15829D2800CD035F /* p3iscaleApp.m in Sources */,
				3EF2AE3B15829DDA00CD035F /* p3imglib.m in Sources */,
			);
			runOnlyForDeploymentPostprocessing = 0;
		};
/* End PBXSourcesBuildPhase section */

/* Begin PBXTargetDependency section */
		3E98B3B8157FA469005C56AB /* PBXTargetDependency */ = {
			isa = PBXTargetDependency;
			target = 3E98B3A3157FA3D6005C56AB /* p3trimalpha */;
			targetProxy = 3E98B3B7157FA469005C56AB /* PBXContainerItemProxy */;
		};
		3EF2B04315866EF900CD035F /* PBXTargetDependency */ = {
			isa = PBXTargetDependency;
			target = 3EF2AE2915829D0400CD035F /* p3scale */;
			targetProxy = 3EF2B04215866EF900CD035F /* PBXContainerItemProxy */;
		};
/* End PBXTargetDependency section */

/* Begin XCBuildConfiguration section */
		1DEB927908733DD40010E9CD /* Debug */ = {
			isa = XCBuildConfiguration;
			baseConfigurationReference = 55CCEB150C13963F00FA06C6 /* versions.xcconfig */;
			buildSettings = {
				ARCHS = "$(NATIVE_ARCH_ACTUAL)";
				GCC_PREPROCESSOR_DEFINITIONS = "CURRENT_MARKETING_VERSION=\\\"${CURRENT_MARKETING_VERSION}\\\"";
				GCC_WARN_ABOUT_RETURN_TYPE = YES;
				GCC_WARN_UNUSED_VARIABLE = YES;
				SDKROOT = macosx;
				VALID_ARCHS = x86_64;
			};
			name = Debug;
		};
		1DEB927A08733DD40010E9CD /* Release */ = {
			isa = XCBuildConfiguration;
			baseConfigurationReference = 55CCEB150C13963F00FA06C6 /* versions.xcconfig */;
			buildSettings = {
				ARCHS = "$(NATIVE_ARCH_ACTUAL)";
				GCC_PREPROCESSOR_DEFINITIONS = "CURRENT_MARKETING_VERSION=\\\"${CURRENT_MARKETING_VERSION}\\\"";
				GCC_WARN_ABOUT_RETURN_TYPE = YES;
				GCC_WARN_UNUSED_VARIABLE = YES;
				SDKROOT = macosx;
				VALID_ARCHS = x86_64;
			};
			name = Release;
		};
		3E98B3B0157FA3D6005C56AB /* Debug */ = {
			isa = XCBuildConfiguration;
			buildSettings = {
				ARCHS = "$(NATIVE_ARCH_ACTUAL)";
				COPY_PHASE_STRIP = NO;
				GCC_DYNAMIC_NO_PIC = NO;
				GCC_ENABLE_OBJC_EXCEPTIONS = YES;
				GCC_MODEL_TUNING = G5;
				GCC_OPTIMIZATION_LEVEL = 0;
				GCC_PRECOMPILE_PREFIX_HEADER = YES;
				GCC_PREFIX_HEADER = "PAS3 Image Utils_Prefix.pch";
				INSTALL_PATH = "$(HOME)/bin";
				OTHER_LDFLAGS = "-ObjC";
				PRODUCT_NAME = p3trimalpha;
				ZERO_LINK = NO;
			};
			name = Debug;
		};
		3E98B3B1157FA3D6005C56AB /* Release */ = {
			isa = XCBuildConfiguration;
			buildSettings = {
				GCC_ENABLE_OBJC_EXCEPTIONS = YES;
				GCC_GENERATE_DEBUGGING_SYMBOLS = NO;
				GCC_MODEL_TUNING = G5;
				GCC_PRECOMPILE_PREFIX_HEADER = YES;
				GCC_PREFIX_HEADER = "PAS3 Image Utils_Prefix.pch";
				INSTALL_PATH = "$(HOME)/bin";
				OTHER_LDFLAGS = "-ObjC";
				PRODUCT_NAME = p3trimalpha;
				ZERO_LINK = NO;
			};
			name = Release;
		};
		3E99806A1587EFDD00FACDC7 /* Debug */ = {
			isa = XCBuildConfiguration;
			buildSettings = {
				ARCHS = "$(NATIVE_ARCH_ACTUAL)";
				COPY_PHASE_STRIP = NO;
				GCC_DYNAMIC_NO_PIC = NO;
				GCC_ENABLE_OBJC_EXCEPTIONS = YES;
				GCC_MODEL_TUNING = G5;
				GCC_OPTIMIZATION_LEVEL = 0;
				GCC_PRECOMPILE_PREFIX_HEADER = YES;
				GCC_PREFIX_HEADER = "PAS3 Image Utils_Prefix.pch";
				INSTALL_PATH = "$(HOME)/bin";
				OTHER_LDFLAGS = "-ObjC";
				PRODUCT_NAME = p3convfiletype;
				ZERO_LINK = NO;
			};
			name = Debug;
		};
		3E99806B1587EFDD00FACDC7 /* Release */ = {
			isa = XCBuildConfiguration;
			buildSettings = {
				GCC_ENABLE_OBJC_EXCEPTIONS = YES;
				GCC_GENERATE_DEBUGGING_SYMBOLS = NO;
				GCC_MODEL_TUNING = G5;
				GCC_PRECOMPILE_PREFIX_HEADER = YES;
				GCC_PREFIX_HEADER = "PAS3 Image Utils_Prefix.pch";
				INSTALL_PATH = "$(HOME)/bin";
				OTHER_LDFLAGS = "-ObjC";
				PRODUCT_NAME = p3convfiletype;
				ZERO_LINK = NO;
			};
			name = Release;
		};
		3E9E1DB01587D77400D0222E /* Debug */ = {
			isa = XCBuildConfiguration;
			buildSettings = {
				PRODUCT_NAME = "$(TARGET_NAME)";
			};
			name = Debug;
		};
		3E9E1DB11587D77400D0222E /* Release */ = {
			isa = XCBuildConfiguration;
			buildSettings = {
				PRODUCT_NAME = "$(TARGET_NAME)";
			};
			name = Release;
		};
		3EF2AE3515829D0400CD035F /* Debug */ = {
			isa = XCBuildConfiguration;
			buildSettings = {
				ARCHS = "$(NATIVE_ARCH_ACTUAL)";
				COPY_PHASE_STRIP = NO;
				GCC_DYNAMIC_NO_PIC = NO;
				GCC_ENABLE_OBJC_EXCEPTIONS = YES;
				GCC_MODEL_TUNING = G5;
				GCC_OPTIMIZATION_LEVEL = 0;
				GCC_PRECOMPILE_PREFIX_HEADER = YES;
				GCC_PREFIX_HEADER = "PAS3 Image Utils_Prefix.pch";
				INSTALL_PATH = "$(HOME)/bin";
				OTHER_LDFLAGS = "-ObjC";
				PRODUCT_NAME = p3scale;
				ZERO_LINK = NO;
			};
			name = Debug;
		};
		3EF2AE3615829D0400CD035F /* Release */ = {
			isa = XCBuildConfiguration;
			buildSettings = {
				GCC_ENABLE_OBJC_EXCEPTIONS = YES;
				GCC_GENERATE_DEBUGGING_SYMBOLS = NO;
				GCC_MODEL_TUNING = G5;
				GCC_PRECOMPILE_PREFIX_HEADER = YES;
				GCC_PREFIX_HEADER = "PAS3 Image Utils_Prefix.pch";
				INSTALL_PATH = "$(HOME)/bin";
				OTHER_LDFLAGS = "-ObjC";
				PRODUCT_NAME = p3scale;
				ZERO_LINK = NO;
			};
			name = Release;
		};
		55CCEA670C13888800FA06C6 /* Debug */ = {
			isa = XCBuildConfiguration;
			buildSettings = {
				COPY_PHASE_STRIP = NO;
				GCC_DYNAMIC_NO_PIC = NO;
				GCC_GENERATE_DEBUGGING_SYMBOLS = YES;
				GCC_OPTIMIZATION_LEVEL = 0;
				PRODUCT_NAME = All;
			};
			name = Debug;
		};
		55CCEA680C13888800FA06C6 /* Release */ = {
			isa = XCBuildConfiguration;
			buildSettings = {
				COPY_PHASE_STRIP = YES;
				GCC_GENERATE_DEBUGGING_SYMBOLS = NO;
				PRODUCT_NAME = All;
				ZERO_LINK = x86_64;
			};
			name = Release;
		};
/* End XCBuildConfiguration section */

/* Begin XCConfigurationList section */
		1DEB927808733DD40010E9CD /* Build configuration list for PBXProject "PAS3 Image Utils" */ = {
			isa = XCConfigurationList;
			buildConfigurations = (
				1DEB927908733DD40010E9CD /* Debug */,
				1DEB927A08733DD40010E9CD /* Release */,
			);
			defaultConfigurationIsVisible = 0;
			defaultConfigurationName = Release;
		};
		3E98B3AF157FA3D6005C56AB /* Build configuration list for PBXNativeTarget "p3trimalpha" */ = {
			isa = XCConfigurationList;
			buildConfigurations = (
				3E98B3B0157FA3D6005C56AB /* Debug */,
				3E98B3B1157FA3D6005C56AB /* Release */,
			);
			defaultConfigurationIsVisible = 0;
			defaultConfigurationName = Release;
		};
		3E9980691587EFDD00FACDC7 /* Build configuration list for PBXNativeTarget "p3convfiletype" */ = {
			isa = XCConfigurationList;
			buildConfigurations = (
				3E99806A1587EFDD00FACDC7 /* Debug */,
				3E99806B1587EFDD00FACDC7 /* Release */,
			);
			defaultConfigurationIsVisible = 0;
			defaultConfigurationName = Release;
		};
		3E9E1DB21587D77400D0222E /* Build configuration list for PBXAggregateTarget "copyBinsToREFx" */ = {
			isa = XCConfigurationList;
			buildConfigurations = (
				3E9E1DB01587D77400D0222E /* Debug */,
				3E9E1DB11587D77400D0222E /* Release */,
			);
			defaultConfigurationIsVisible = 0;
			defaultConfigurationName = Release;
		};
		3EF2AE3415829D0400CD035F /* Build configuration list for PBXNativeTarget "p3scale" */ = {
			isa = XCConfigurationList;
			buildConfigurations = (
				3EF2AE3515829D0400CD035F /* Debug */,
				3EF2AE3615829D0400CD035F /* Release */,
			);
			defaultConfigurationIsVisible = 0;
			defaultConfigurationName = Release;
		};
		55CCEA660C13888800FA06C6 /* Build configuration list for PBXAggregateTarget "All" */ = {
			isa = XCConfigurationList;
			buildConfigurations = (
				55CCEA670C13888800FA06C6 /* Debug */,
				55CCEA680C13888800FA06C6 /* Release */,
			);
			defaultConfigurationIsVisible = 0;
			defaultConfigurationName = Release;
		};
/* End XCConfigurationList section */
	};
	rootObject = 08FB7793FE84155DC02AAC07 /* Project object */;
}
