// !$*UTF8*$!
{
	archiveVersion = 1;
	classes = {
	};
	objectVersion = 42;
	objects = {

/* Begin PBXAggregateTarget section */
		55CCEA590C13887100FA06C6 /* All */ = {
			isa = PBXAggregateTarget;
			buildConfigurationList = 55CCEA660C13888800FA06C6 /* Build configuration list for PBXAggregateTarget "All" */;
			buildPhases = (
			);
			dependencies = (
				3E98B3B8157FA469005C56AB /* PBXTargetDependency */,
			);
			name = All;
			productName = All;
		};
/* End PBXAggregateTarget section */

/* Begin PBXBuildFile section */
		3E98B3AA157FA3D6005C56AB /* libddcli.a in Frameworks */ = {isa = PBXBuildFile; fileRef = 55CCE92E0C137F7D00FA06C6 /* libddcli.a */; };
		3E98B3AB157FA3D6005C56AB /* Foundation.framework in Frameworks */ = {isa = PBXBuildFile; fileRef = 08FB779EFE84155DC02AAC07 /* Foundation.framework */; };
		3E98B3B4157FA3F5005C56AB /* trimalpha.m in Sources */ = {isa = PBXBuildFile; fileRef = 3E98B3A2157FA342005C56AB /* trimalpha.m */; };
		3E98B3B5157FA3F7005C56AB /* trimalphaApp.m in Sources */ = {isa = PBXBuildFile; fileRef = 3E98B3A0157FA2E1005C56AB /* trimalphaApp.m */; };
		3E98B3C2157FB5A0005C56AB /* QuartzCore.framework in Frameworks */ = {isa = PBXBuildFile; fileRef = 3E98B3C1157FB5A0005C56AB /* QuartzCore.framework */; };
		3E98B3CA157FBBC2005C56AB /* Cocoa.framework in Frameworks */ = {isa = PBXBuildFile; fileRef = 3E98B3C9157FBBC2005C56AB /* Cocoa.framework */; };
		55200F530C4A27FD00018A42 /* DDCliParseException.h in Headers */ = {isa = PBXBuildFile; fileRef = 55200F510C4A27FD00018A42 /* DDCliParseException.h */; };
		55200F540C4A27FD00018A42 /* DDCliParseException.m in Sources */ = {isa = PBXBuildFile; fileRef = 55200F520C4A27FD00018A42 /* DDCliParseException.m */; };
		55CCE9310C137F8E00FA06C6 /* DDCommandLineInterface.h in Headers */ = {isa = PBXBuildFile; fileRef = 55CCE46D0C11C58F00FA06C6 /* DDCommandLineInterface.h */; };
		55CCE9320C137F8E00FA06C6 /* DDCliApplication.h in Headers */ = {isa = PBXBuildFile; fileRef = 55CCE4690C11C58F00FA06C6 /* DDCliApplication.h */; };
		55CCE9330C137F8E00FA06C6 /* DDCliApplication.m in Sources */ = {isa = PBXBuildFile; fileRef = 55CCE46A0C11C58F00FA06C6 /* DDCliApplication.m */; };
		55CCE9340C137F8E00FA06C6 /* DDCliUtil.h in Headers */ = {isa = PBXBuildFile; fileRef = 55CCE46B0C11C58F00FA06C6 /* DDCliUtil.h */; };
		55CCE9350C137F8E00FA06C6 /* DDCliUtil.m in Sources */ = {isa = PBXBuildFile; fileRef = 55CCE46C0C11C58F00FA06C6 /* DDCliUtil.m */; };
		55CCE9370C137F8E00FA06C6 /* DDGetoptLongParser.m in Sources */ = {isa = PBXBuildFile; fileRef = 55CCE46F0C11C58F00FA06C6 /* DDGetoptLongParser.m */; };
		55CCEA870C138BE900FA06C6 /* DDGetoptLongParser.h in Headers */ = {isa = PBXBuildFile; fileRef = 55CCEA860C138BE900FA06C6 /* DDGetoptLongParser.h */; };
/* End PBXBuildFile section */

/* Begin PBXContainerItemProxy section */
		3E98B3A5157FA3D6005C56AB /* PBXContainerItemProxy */ = {
			isa = PBXContainerItemProxy;
			containerPortal = 08FB7793FE84155DC02AAC07 /* Project object */;
			proxyType = 1;
			remoteGlobalIDString = 55CCE92D0C137F7D00FA06C6;
			remoteInfo = ddcli;
		};
		3E98B3B7157FA469005C56AB /* PBXContainerItemProxy */ = {
			isa = PBXContainerItemProxy;
			containerPortal = 08FB7793FE84155DC02AAC07 /* Project object */;
			proxyType = 1;
			remoteGlobalIDString = 3E98B3A3157FA3D6005C56AB;
			remoteInfo = trimalpha;
		};
/* End PBXContainerItemProxy section */

/* Begin PBXFileReference section */
		08FB779EFE84155DC02AAC07 /* Foundation.framework */ = {isa = PBXFileReference; lastKnownFileType = wrapper.framework; name = Foundation.framework; path = /System/Library/Frameworks/Foundation.framework; sourceTree = "<absolute>"; };
		32A70AAB03705E1F00C91783 /* PAS3 Image Utils_Prefix.pch */ = {isa = PBXFileReference; fileEncoding = 4; lastKnownFileType = sourcecode.c.h; path = "PAS3 Image Utils_Prefix.pch"; sourceTree = "<group>"; };
		3E98B39F157FA2E1005C56AB /* trimalphaApp.h */ = {isa = PBXFileReference; fileEncoding = 4; lastKnownFileType = sourcecode.c.h; path = trimalphaApp.h; sourceTree = "<group>"; };
		3E98B3A0157FA2E1005C56AB /* trimalphaApp.m */ = {isa = PBXFileReference; fileEncoding = 4; lastKnownFileType = sourcecode.c.objc; path = trimalphaApp.m; sourceTree = "<group>"; };
		3E98B3A2157FA342005C56AB /* trimalpha.m */ = {isa = PBXFileReference; fileEncoding = 4; lastKnownFileType = sourcecode.c.objc; path = trimalpha.m; sourceTree = "<group>"; };
		3E98B3B2157FA3D6005C56AB /* trimalpha */ = {isa = PBXFileReference; explicitFileType = "compiled.mach-o.executable"; includeInIndex = 0; path = trimalpha; sourceTree = BUILT_PRODUCTS_DIR; };
		3E98B3C1157FB5A0005C56AB /* QuartzCore.framework */ = {isa = PBXFileReference; lastKnownFileType = wrapper.framework; name = QuartzCore.framework; path = System/Library/Frameworks/QuartzCore.framework; sourceTree = SDKROOT; };
		3E98B3C9157FBBC2005C56AB /* Cocoa.framework */ = {isa = PBXFileReference; lastKnownFileType = wrapper.framework; name = Cocoa.framework; path = System/Library/Frameworks/Cocoa.framework; sourceTree = SDKROOT; };
		55200F510C4A27FD00018A42 /* DDCliParseException.h */ = {isa = PBXFileReference; fileEncoding = 4; lastKnownFileType = sourcecode.c.h; path = DDCliParseException.h; sourceTree = "<group>"; };
		55200F520C4A27FD00018A42 /* DDCliParseException.m */ = {isa = PBXFileReference; fileEncoding = 4; lastKnownFileType = sourcecode.c.objc; path = DDCliParseException.m; sourceTree = "<group>"; };
		55CCE4690C11C58F00FA06C6 /* DDCliApplication.h */ = {isa = PBXFileReference; fileEncoding = 30; lastKnownFileType = sourcecode.c.h; path = DDCliApplication.h; sourceTree = "<group>"; };
		55CCE46A0C11C58F00FA06C6 /* DDCliApplication.m */ = {isa = PBXFileReference; fileEncoding = 30; lastKnownFileType = sourcecode.c.objc; path = DDCliApplication.m; sourceTree = "<group>"; };
		55CCE46B0C11C58F00FA06C6 /* DDCliUtil.h */ = {isa = PBXFileReference; fileEncoding = 30; lastKnownFileType = sourcecode.c.h; path = DDCliUtil.h; sourceTree = "<group>"; };
		55CCE46C0C11C58F00FA06C6 /* DDCliUtil.m */ = {isa = PBXFileReference; fileEncoding = 30; lastKnownFileType = sourcecode.c.objc; path = DDCliUtil.m; sourceTree = "<group>"; };
		55CCE46D0C11C58F00FA06C6 /* DDCommandLineInterface.h */ = {isa = PBXFileReference; fileEncoding = 30; lastKnownFileType = sourcecode.c.h; path = DDCommandLineInterface.h; sourceTree = "<group>"; };
		55CCE46F0C11C58F00FA06C6 /* DDGetoptLongParser.m */ = {isa = PBXFileReference; fileEncoding = 30; lastKnownFileType = sourcecode.c.objc; path = DDGetoptLongParser.m; sourceTree = "<group>"; };
		55CCE92E0C137F7D00FA06C6 /* libddcli.a */ = {isa = PBXFileReference; explicitFileType = archive.ar; includeInIndex = 0; path = libddcli.a; sourceTree = BUILT_PRODUCTS_DIR; };
		55CCEA860C138BE900FA06C6 /* DDGetoptLongParser.h */ = {isa = PBXFileReference; fileEncoding = 30; lastKnownFileType = sourcecode.c.h; path = DDGetoptLongParser.h; sourceTree = "<group>"; };
		55CCEB150C13963F00FA06C6 /* versions.xcconfig */ = {isa = PBXFileReference; fileEncoding = 4; lastKnownFileType = text.xcconfig; path = versions.xcconfig; sourceTree = "<group>"; };
/* End PBXFileReference section */

/* Begin PBXFrameworksBuildPhase section */
		3E98B3A9157FA3D6005C56AB /* Frameworks */ = {
			isa = PBXFrameworksBuildPhase;
			buildActionMask = 2147483647;
			files = (
				3E98B3CA157FBBC2005C56AB /* Cocoa.framework in Frameworks */,
				3E98B3C2157FB5A0005C56AB /* QuartzCore.framework in Frameworks */,
				3E98B3AB157FA3D6005C56AB /* Foundation.framework in Frameworks */,
				3E98B3AA157FA3D6005C56AB /* libddcli.a in Frameworks */,
			);
			runOnlyForDeploymentPostprocessing = 0;
		};
		55CCE92C0C137F7D00FA06C6 /* Frameworks */ = {
			isa = PBXFrameworksBuildPhase;
			buildActionMask = 2147483647;
			files = (
			);
			runOnlyForDeploymentPostprocessing = 0;
		};
/* End PBXFrameworksBuildPhase section */

/* Begin PBXGroup section */
		08FB7794FE84155DC02AAC07 /* ddcli */ = {
			isa = PBXGroup;
			children = (
				55CCE4680C11C58F00FA06C6 /* lib */,
				08FB7795FE84155DC02AAC07 /* Source */,
				08FB779DFE84155DC02AAC07 /* External Frameworks and Libraries */,
				1AB674ADFE9D54B511CA2CBB /* Products */,
				55CCEB150C13963F00FA06C6 /* versions.xcconfig */,
			);
			name = ddcli;
			sourceTree = "<group>";
		};
		08FB7795FE84155DC02AAC07 /* Source */ = {
			isa = PBXGroup;
			children = (
				32A70AAB03705E1F00C91783 /* PAS3 Image Utils_Prefix.pch */,
				3E98B3A1157FA2E7005C56AB /* trimalphaApp */,
			);
			name = Source;
			sourceTree = "<group>";
		};
		08FB779DFE84155DC02AAC07 /* External Frameworks and Libraries */ = {
			isa = PBXGroup;
			children = (
				3E98B3C9157FBBC2005C56AB /* Cocoa.framework */,
				3E98B3C1157FB5A0005C56AB /* QuartzCore.framework */,
				08FB779EFE84155DC02AAC07 /* Foundation.framework */,
			);
			name = "External Frameworks and Libraries";
			sourceTree = "<group>";
		};
		1AB674ADFE9D54B511CA2CBB /* Products */ = {
			isa = PBXGroup;
			children = (
				55CCE92E0C137F7D00FA06C6 /* libddcli.a */,
				3E98B3B2157FA3D6005C56AB /* trimalpha */,
			);
			name = Products;
			sourceTree = "<group>";
		};
		3E98B3A1157FA2E7005C56AB /* trimalphaApp */ = {
			isa = PBXGroup;
			children = (
				3E98B3A2157FA342005C56AB /* trimalpha.m */,
				3E98B39F157FA2E1005C56AB /* trimalphaApp.h */,
				3E98B3A0157FA2E1005C56AB /* trimalphaApp.m */,
			);
			name = trimalphaApp;
			sourceTree = "<group>";
		};
		55CCE4680C11C58F00FA06C6 /* lib */ = {
			isa = PBXGroup;
			children = (
				55CCE46D0C11C58F00FA06C6 /* DDCommandLineInterface.h */,
				55CCE4690C11C58F00FA06C6 /* DDCliApplication.h */,
				55CCE46A0C11C58F00FA06C6 /* DDCliApplication.m */,
				55CCE46B0C11C58F00FA06C6 /* DDCliUtil.h */,
				55CCE46C0C11C58F00FA06C6 /* DDCliUtil.m */,
				55CCEA860C138BE900FA06C6 /* DDGetoptLongParser.h */,
				55CCE46F0C11C58F00FA06C6 /* DDGetoptLongParser.m */,
				55200F510C4A27FD00018A42 /* DDCliParseException.h */,
				55200F520C4A27FD00018A42 /* DDCliParseException.m */,
			);
			path = lib;
			sourceTree = "<group>";
		};
/* End PBXGroup section */

/* Begin PBXHeadersBuildPhase section */
		55CCE92A0C137F7D00FA06C6 /* Headers */ = {
			isa = PBXHeadersBuildPhase;
			buildActionMask = 2147483647;
			files = (
				55CCE9310C137F8E00FA06C6 /* DDCommandLineInterface.h in Headers */,
				55CCE9320C137F8E00FA06C6 /* DDCliApplication.h in Headers */,
				55CCE9340C137F8E00FA06C6 /* DDCliUtil.h in Headers */,
				55CCEA870C138BE900FA06C6 /* DDGetoptLongParser.h in Headers */,
				55200F530C4A27FD00018A42 /* DDCliParseException.h in Headers */,
			);
			runOnlyForDeploymentPostprocessing = 0;
		};
/* End PBXHeadersBuildPhase section */

/* Begin PBXNativeTarget section */
		3E98B3A3157FA3D6005C56AB /* trimalpha */ = {
			isa = PBXNativeTarget;
			buildConfigurationList = 3E98B3AF157FA3D6005C56AB /* Build configuration list for PBXNativeTarget "trimalpha" */;
			buildPhases = (
				3E98B3A6157FA3D6005C56AB /* Sources */,
				3E98B3A9157FA3D6005C56AB /* Frameworks */,
			);
			buildRules = (
			);
			dependencies = (
				3E98B3A4157FA3D6005C56AB /* PBXTargetDependency */,
			);
			name = trimalpha;
			productInstallPath = "$(HOME)/bin";
			productName = ddcli;
			productReference = 3E98B3B2157FA3D6005C56AB /* trimalpha */;
			productType = "com.apple.product-type.tool";
		};
		55CCE92D0C137F7D00FA06C6 /* ddcli */ = {
			isa = PBXNativeTarget;
			buildConfigurationList = 55CCE9480C137FD100FA06C6 /* Build configuration list for PBXNativeTarget "ddcli" */;
			buildPhases = (
				55CCE92A0C137F7D00FA06C6 /* Headers */,
				55CCE92B0C137F7D00FA06C6 /* Sources */,
				55CCE92C0C137F7D00FA06C6 /* Frameworks */,
			);
			buildRules = (
			);
			dependencies = (
			);
			name = ddcli;
			productName = ddcli;
			productReference = 55CCE92E0C137F7D00FA06C6 /* libddcli.a */;
			productType = "com.apple.product-type.library.static";
		};
/* End PBXNativeTarget section */

/* Begin PBXProject section */
		08FB7793FE84155DC02AAC07 /* Project object */ = {
			isa = PBXProject;
			buildConfigurationList = 1DEB927808733DD40010E9CD /* Build configuration list for PBXProject "PAS3 Image Utils" */;
			compatibilityVersion = "Xcode 2.4";
			developmentRegion = English;
			hasScannedForEncodings = 1;
			knownRegions = (
				en,
			);
			mainGroup = 08FB7794FE84155DC02AAC07 /* ddcli */;
			projectDirPath = "";
			projectRoot = "";
			targets = (
				55CCEA590C13887100FA06C6 /* All */,
				3E98B3A3157FA3D6005C56AB /* trimalpha */,
				55CCE92D0C137F7D00FA06C6 /* ddcli */,
			);
		};
/* End PBXProject section */

/* Begin PBXSourcesBuildPhase section */
		3E98B3A6157FA3D6005C56AB /* Sources */ = {
			isa = PBXSourcesBuildPhase;
			buildActionMask = 2147483647;
			files = (
				3E98B3B4157FA3F5005C56AB /* trimalpha.m in Sources */,
				3E98B3B5157FA3F7005C56AB /* trimalphaApp.m in Sources */,
			);
			runOnlyForDeploymentPostprocessing = 0;
		};
		55CCE92B0C137F7D00FA06C6 /* Sources */ = {
			isa = PBXSourcesBuildPhase;
			buildActionMask = 2147483647;
			files = (
				55CCE9330C137F8E00FA06C6 /* DDCliApplication.m in Sources */,
				55CCE9350C137F8E00FA06C6 /* DDCliUtil.m in Sources */,
				55CCE9370C137F8E00FA06C6 /* DDGetoptLongParser.m in Sources */,
				55200F540C4A27FD00018A42 /* DDCliParseException.m in Sources */,
			);
			runOnlyForDeploymentPostprocessing = 0;
		};
/* End PBXSourcesBuildPhase section */

/* Begin PBXTargetDependency section */
		3E98B3A4157FA3D6005C56AB /* PBXTargetDependency */ = {
			isa = PBXTargetDependency;
			target = 55CCE92D0C137F7D00FA06C6 /* ddcli */;
			targetProxy = 3E98B3A5157FA3D6005C56AB /* PBXContainerItemProxy */;
		};
		3E98B3B8157FA469005C56AB /* PBXTargetDependency */ = {
			isa = PBXTargetDependency;
			target = 3E98B3A3157FA3D6005C56AB /* trimalpha */;
			targetProxy = 3E98B3B7157FA469005C56AB /* PBXContainerItemProxy */;
		};
/* End PBXTargetDependency section */

/* Begin XCBuildConfiguration section */
		1DEB927908733DD40010E9CD /* Debug */ = {
			isa = XCBuildConfiguration;
			baseConfigurationReference = 55CCEB150C13963F00FA06C6 /* versions.xcconfig */;
			buildSettings = {
				ARCHS = "$(NATIVE_ARCH_ACTUAL)";
				GCC_PREPROCESSOR_DEFINITIONS = "CURRENT_MARKETING_VERSION=\\\"${CURRENT_MARKETING_VERSION}\\\"";
				GCC_WARN_ABOUT_RETURN_TYPE = YES;
				GCC_WARN_UNUSED_VARIABLE = YES;
				PREBINDING = NO;
				SDKROOT = macosx;
				VALID_ARCHS = x86_64;
			};
			name = Debug;
		};
		1DEB927A08733DD40010E9CD /* Release */ = {
			isa = XCBuildConfiguration;
			baseConfigurationReference = 55CCEB150C13963F00FA06C6 /* versions.xcconfig */;
			buildSettings = {
				ARCHS = "$(NATIVE_ARCH_ACTUAL)";
				GCC_PREPROCESSOR_DEFINITIONS = "CURRENT_MARKETING_VERSION=\\\"${CURRENT_MARKETING_VERSION}\\\"";
				GCC_WARN_ABOUT_RETURN_TYPE = YES;
				GCC_WARN_UNUSED_VARIABLE = YES;
				PREBINDING = NO;
				SDKROOT = macosx;
				VALID_ARCHS = x86_64;
			};
			name = Release;
		};
		3E98B3B0157FA3D6005C56AB /* Debug */ = {
			isa = XCBuildConfiguration;
			buildSettings = {
				ARCHS = "$(NATIVE_ARCH_ACTUAL)";
				COPY_PHASE_STRIP = NO;
				GCC_DYNAMIC_NO_PIC = NO;
				GCC_ENABLE_FIX_AND_CONTINUE = YES;
				GCC_ENABLE_OBJC_EXCEPTIONS = YES;
				GCC_MODEL_TUNING = G5;
				GCC_OPTIMIZATION_LEVEL = 0;
				GCC_PRECOMPILE_PREFIX_HEADER = YES;
				GCC_PREFIX_HEADER = "PAS3 Image Utils_Prefix.pch";
				INSTALL_PATH = "$(HOME)/bin";
				OTHER_LDFLAGS = "-ObjC";
				PRODUCT_NAME = trimalpha;
				ZERO_LINK = NO;
			};
			name = Debug;
		};
		3E98B3B1157FA3D6005C56AB /* Release */ = {
			isa = XCBuildConfiguration;
			buildSettings = {
				GCC_ENABLE_OBJC_EXCEPTIONS = YES;
				GCC_GENERATE_DEBUGGING_SYMBOLS = NO;
				GCC_MODEL_TUNING = G5;
				GCC_PRECOMPILE_PREFIX_HEADER = YES;
				GCC_PREFIX_HEADER = "PAS3 Image Utils_Prefix.pch";
				INSTALL_PATH = "$(HOME)/bin";
				OTHER_LDFLAGS = "-ObjC";
				PRODUCT_NAME = trimalpha;
				ZERO_LINK = NO;
			};
			name = Release;
		};
		55CCE9490C137FD100FA06C6 /* Debug */ = {
			isa = XCBuildConfiguration;
			buildSettings = {
				ARCHS = "$(ARCHS_STANDARD_64_BIT_PRE_XCODE_3_1)";
				ARCHS_STANDARD_64_BIT_PRE_XCODE_3_1 = x86_64;
				BUILD_VARIANTS = normal;
				COPY_PHASE_STRIP = NO;
				GCC_DYNAMIC_NO_PIC = NO;
				GCC_ENABLE_FIX_AND_CONTINUE = YES;
				GCC_ENABLE_OBJC_EXCEPTIONS = YES;
				GCC_GENERATE_DEBUGGING_SYMBOLS = YES;
				GCC_MODEL_TUNING = G5;
				GCC_OPTIMIZATION_LEVEL = 0;
				INSTALL_PATH = /usr/local/lib;
				PREBINDING = NO;
				PRODUCT_NAME = ddcli;
				VALID_ARCHS = x86_64;
				ZERO_LINK = NO;
			};
			name = Debug;
		};
		55CCE94A0C137FD100FA06C6 /* Release */ = {
			isa = XCBuildConfiguration;
			buildSettings = {
				ARCHS = "$(ARCHS_STANDARD_64_BIT_PRE_XCODE_3_1)";
				ARCHS_STANDARD_64_BIT_PRE_XCODE_3_1 = x86_64;
				BUILD_VARIANTS = normal;
				COPY_PHASE_STRIP = YES;
				GCC_ENABLE_FIX_AND_CONTINUE = NO;
				GCC_ENABLE_OBJC_EXCEPTIONS = YES;
				GCC_GENERATE_DEBUGGING_SYMBOLS = NO;
				GCC_MODEL_TUNING = G5;
				INSTALL_PATH = /usr/local/lib;
				PREBINDING = NO;
				PRODUCT_NAME = ddcli;
				ZERO_LINK = NO;
			};
			name = Release;
		};
		55CCEA670C13888800FA06C6 /* Debug */ = {
			isa = XCBuildConfiguration;
			buildSettings = {
				COPY_PHASE_STRIP = NO;
				GCC_DYNAMIC_NO_PIC = NO;
				GCC_GENERATE_DEBUGGING_SYMBOLS = YES;
				GCC_OPTIMIZATION_LEVEL = 0;
				PRODUCT_NAME = All;
			};
			name = Debug;
		};
		55CCEA680C13888800FA06C6 /* Release */ = {
			isa = XCBuildConfiguration;
			buildSettings = {
				COPY_PHASE_STRIP = YES;
				GCC_ENABLE_FIX_AND_CONTINUE = NO;
				GCC_GENERATE_DEBUGGING_SYMBOLS = NO;
				PRODUCT_NAME = All;
				ZERO_LINK = x86_64;
			};
			name = Release;
		};
/* End XCBuildConfiguration section */

/* Begin XCConfigurationList section */
		1DEB927808733DD40010E9CD /* Build configuration list for PBXProject "PAS3 Image Utils" */ = {
			isa = XCConfigurationList;
			buildConfigurations = (
				1DEB927908733DD40010E9CD /* Debug */,
				1DEB927A08733DD40010E9CD /* Release */,
			);
			defaultConfigurationIsVisible = 0;
			defaultConfigurationName = Release;
		};
		3E98B3AF157FA3D6005C56AB /* Build configuration list for PBXNativeTarget "trimalpha" */ = {
			isa = XCConfigurationList;
			buildConfigurations = (
				3E98B3B0157FA3D6005C56AB /* Debug */,
				3E98B3B1157FA3D6005C56AB /* Release */,
			);
			defaultConfigurationIsVisible = 0;
			defaultConfigurationName = Release;
		};
		55CCE9480C137FD100FA06C6 /* Build configuration list for PBXNativeTarget "ddcli" */ = {
			isa = XCConfigurationList;
			buildConfigurations = (
				55CCE9490C137FD100FA06C6 /* Debug */,
				55CCE94A0C137FD100FA06C6 /* Release */,
			);
			defaultConfigurationIsVisible = 0;
			defaultConfigurationName = Release;
		};
		55CCEA660C13888800FA06C6 /* Build configuration list for PBXAggregateTarget "All" */ = {
			isa = XCConfigurationList;
			buildConfigurations = (
				55CCEA670C13888800FA06C6 /* Debug */,
				55CCEA680C13888800FA06C6 /* Release */,
			);
			defaultConfigurationIsVisible = 0;
			defaultConfigurationName = Release;
		};
/* End XCConfigurationList section */
	};
	rootObject = 08FB7793FE84155DC02AAC07 /* Project object */;
}
